
Microsoft Visual Studio Solution File, Format Version 12.00
# Visual Studio Version 17
VisualStudioVersion = 17.8.34330.188
MinimumVisualStudioVersion = 10.0.40219.1
Project("{9A19103F-16F7-4668-BE54-9A1E7A4F7556}") = "NesteCommercy", "NesteCommercy\NesteCommercy\NesteCommercy.csproj", "{FEAE4AD7-F98D-475E-9F5F-89486BE46C91}"
EndProject
Project("{9A19103F-16F7-4668-BE54-9A1E7A4F7556}") = "NesteCommercy.Client", "NesteCommercy\NesteCommercy.Client\NesteCommercy.Client.csproj", "{2FDFF75C-B988-44BA-99B3-4FD2E818AB66}"
EndProject
Project("{9A19103F-16F7-4668-BE54-9A1E7A4F7556}") = "NesteCommercy.Domain", "NesteCommercy\NesteCommercy.Domain\NesteCommercy.Domain.csproj", "{67D4922B-FFD9-40D4-9AB5-85430479F11D}"
EndProject
Project("{9A19103F-16F7-4668-BE54-9A1E7A4F7556}") = "NesteCommercy.EfCore", "NesteCommercy\NesteCommercy.EfCore\NesteCommercy.EfCore.csproj", "{DF318731-669F-42FD-BFE6-67AA11E9DB24}"
EndProject
Project("{9A19103F-16F7-4668-BE54-9A1E7A4F7556}") = "NesteCommercy.Shared", "NesteCommercy\NesteCommercy.Shared\NesteCommercy.Shared.csproj", "{4F28EA2A-5934-4583-A46D-90665A67248A}"
EndProject
Global
	GlobalSection(SolutionConfigurationPlatforms) = preSolution
		Debug|Any CPU = Debug|Any CPU
		Release|Any CPU = Release|Any CPU
	EndGlobalSection
	GlobalSection(ProjectConfigurationPlatforms) = postSolution
		{FEAE4AD7-F98D-475E-9F5F-89486BE46C91}.Debug|Any CPU.ActiveCfg = Debug|Any CPU
		{FEAE4AD7-F98D-475E-9F5F-89486BE46C91}.Debug|Any CPU.Build.0 = Debug|Any CPU
		{FEAE4AD7-F98D-475E-9F5F-89486BE46C91}.Release|Any CPU.ActiveCfg = Release|Any CPU
		{FEAE4AD7-F98D-475E-9F5F-89486BE46C91}.Release|Any CPU.Build.0 = Release|Any CPU
		{2FDFF75C-B988-44BA-99B3-4FD2E818AB66}.Debug|Any CPU.ActiveCfg = Debug|Any CPU
		{2FDFF75C-B988-44BA-99B3-4FD2E818AB66}.Debug|Any CPU.Build.0 = Debug|Any CPU
		{2FDFF75C-B988-44BA-99B3-4FD2E818AB66}.Release|Any CPU.ActiveCfg = Release|Any CPU
		{2FDFF75C-B988-44BA-99B3-4FD2E818AB66}.Release|Any CPU.Build.0 = Release|Any CPU
		{67D4922B-FFD9-40D4-9AB5-85430479F11D}.Debug|Any CPU.ActiveCfg = Debug|Any CPU
		{67D4922B-FFD9-40D4-9AB5-85430479F11D}.Debug|Any CPU.Build.0 = Debug|Any CPU
		{67D4922B-FFD9-40D4-9AB5-85430479F11D}.Release|Any CPU.ActiveCfg = Release|Any CPU
		{67D4922B-FFD9-40D4-9AB5-85430479F11D}.Release|Any CPU.Build.0 = Release|Any CPU
		{DF318731-669F-42FD-BFE6-67AA11E9DB24}.Debug|Any CPU.ActiveCfg = Debug|Any CPU
		{DF318731-669F-42FD-BFE6-67AA11E9DB24}.Debug|Any CPU.Build.0 = Debug|Any CPU
		{DF318731-669F-42FD-BFE6-67AA11E9DB24}.Release|Any CPU.ActiveCfg = Release|Any CPU
		{DF318731-669F-42FD-BFE6-67AA11E9DB24}.Release|Any CPU.Build.0 = Release|Any CPU
		{4F28EA2A-5934-4583-A46D-90665A67248A}.Debug|Any CPU.ActiveCfg = Debug|Any CPU
		{4F28EA2A-5934-4583-A46D-90665A67248A}.Debug|Any CPU.Build.0 = Debug|Any CPU
		{4F28EA2A-5934-4583-A46D-90665A67248A}.Release|Any CPU.ActiveCfg = Release|Any CPU
		{4F28EA2A-5934-4583-A46D-90665A67248A}.Release|Any CPU.Build.0 = Release|Any CPU
	EndGlobalSection
	GlobalSection(SolutionProperties) = preSolution
		HideSolutionNode = FALSE
	EndGlobalSection
	GlobalSection(ExtensibilityGlobals) = postSolution
		SolutionGuid = {E85F48E5-2F32-4998-82D9-FCBA554CBBDC}
	EndGlobalSection
EndGlobal
